
Microsoft Visual Studio Solution File, Format Version 12.00
# Visual Studio 15
VisualStudioVersion = 15.0.27130.2010
MinimumVisualStudioVersion = 10.0.40219.1
Project("{FAE04EC0-301F-11D3-BF4B-00C04F79EFBC}") = "ServiceControl.Monitoring", "ServiceControl.Monitoring\ServiceControl.Monitoring.csproj", "{768BE338-20F1-4106-A3EB-DCE7686FCBF0}"
EndProject
Project("{FAE04EC0-301F-11D3-BF4B-00C04F79EFBC}") = "ServiceControl.Monitoring.Tests", "ServiceControl.Monitoring.Tests\ServiceControl.Monitoring.Tests.csproj", "{9BD8B831-2D69-4C8E-8FBD-5CFC6DDEF086}"
EndProject
Project("{FAE04EC0-301F-11D3-BF4B-00C04F79EFBC}") = "ServiceControl.Monitoring.AcceptanceTests", "ServiceControl.Monitoring.AcceptanceTests\ServiceControl.Monitoring.AcceptanceTests.csproj", "{DCB43A4E-807E-44DE-AB2A-66103C27CB44}"
EndProject
Project("{2150E333-8FDC-42A3-9474-1A3956D46DE8}") = "Packaging", "Packaging", "{AC16BCB1-A7CA-4E50-B6BD-11518421382E}"
EndProject
Project("{FAE04EC0-301F-11D3-BF4B-00C04F79EFBC}") = "Packaging.NServiceBus.AzureServiceBus", "Packaging.NServiceBus.AzureServiceBus\Packaging.NServiceBus.AzureServiceBus.csproj", "{4AD60A65-CD2B-44A9-970E-41F80D95B0FD}"
EndProject
Project("{FAE04EC0-301F-11D3-BF4B-00C04F79EFBC}") = "Packaging.NServiceBus.AzureStorageQueues", "Packaging.NServiceBus.AzureStorageQueues\Packaging.NServiceBus.AzureStorageQueues.csproj", "{F253D994-9321-494E-A45C-F9C6EA8947AC}"
EndProject
Project("{FAE04EC0-301F-11D3-BF4B-00C04F79EFBC}") = "Packaging.NServiceBus.RabbitMQ", "Packaging.NServiceBus.RabbitMQ\Packaging.NServiceBus.RabbitMQ.csproj", "{9D82F260-91A8-4ED7-9E1B-60311000D3FE}"
EndProject
Project("{FAE04EC0-301F-11D3-BF4B-00C04F79EFBC}") = "Packaging.NServiceBus.SQLServer", "Packaging.NServiceBus.SQLServer\Packaging.NServiceBus.SQLServer.csproj", "{F74A93BB-2B27-45D3-857F-66165DEBE383}"
EndProject
Project("{FAE04EC0-301F-11D3-BF4B-00C04F79EFBC}") = "Packaging.ServiceControl.Monitoring", "Packaging.ServiceControl.Monitoring\Packaging.ServiceControl.Monitoring.csproj", "{B7A9DC11-2199-448F-A51F-049D36003176}"
	ProjectSection(ProjectDependencies) = postProject
		{768BE338-20F1-4106-A3EB-DCE7686FCBF0} = {768BE338-20F1-4106-A3EB-DCE7686FCBF0}
		{9D82F260-91A8-4ED7-9E1B-60311000D3FE} = {9D82F260-91A8-4ED7-9E1B-60311000D3FE}
		{4AD60A65-CD2B-44A9-970E-41F80D95B0FD} = {4AD60A65-CD2B-44A9-970E-41F80D95B0FD}
		{F253D994-9321-494E-A45C-F9C6EA8947AC} = {F253D994-9321-494E-A45C-F9C6EA8947AC}
		{8659F8A1-31BE-497B-B0A4-500B703D99AF} = {8659F8A1-31BE-497B-B0A4-500B703D99AF}
		{F74A93BB-2B27-45D3-857F-66165DEBE383} = {F74A93BB-2B27-45D3-857F-66165DEBE383}
		{F30AC7F6-FD0A-43D2-BC75-889F9A7D2872} = {F30AC7F6-FD0A-43D2-BC75-889F9A7D2872}
	EndProjectSection
EndProject
Project("{FAE04EC0-301F-11D3-BF4B-00C04F79EFBC}") = "Packaging.NServiceBus.MSMQ", "Packaging.NServiceBus.MSMQ\Packaging.NServiceBus.MSMQ.csproj", "{8659F8A1-31BE-497B-B0A4-500B703D99AF}"
EndProject
Project("{9A19103F-16F7-4668-BE54-9A1E7A4F7556}") = "ServiceControl.Transports.LearningTransport", "ServiceControl.LearningTransport\ServiceControl.Transports.LearningTransport.csproj", "{F820752B-5F01-40F1-AE26-1604F3C85F55}"
EndProject
Project("{2150E333-8FDC-42A3-9474-1A3956D46DE8}") = "CustomTransportConfigurations", "CustomTransportConfigurations", "{ED6CE213-D704-4695-97AB-3E6EA4859795}"
EndProject
Project("{FAE04EC0-301F-11D3-BF4B-00C04F79EFBC}") = "Packaging.NServiceBus.Learning", "Packaging.NServiceBus.Learning\Packaging.NServiceBus.Learning.csproj", "{F30AC7F6-FD0A-43D2-BC75-889F9A7D2872}"
EndProject
Project("{FAE04EC0-301F-11D3-BF4B-00C04F79EFBC}") = "ServiceControl.Monitoring.SmokeTests.ASQ", "ServiceControl.Monitoring.SmokeTests.ASQ\ServiceControl.Monitoring.SmokeTests.ASQ.csproj", "{B5EB5F58-E30A-45D2-AC0D-88CEF2F804E0}"
EndProject
Project("{FAE04EC0-301F-11D3-BF4B-00C04F79EFBC}") = "ServiceControl.Monitoring.SmokeTests.RabbitMQ", "ServiceControl.Monitoring.SmokeTests.RabbitMq\ServiceControl.Monitoring.SmokeTests.RabbitMQ.csproj", "{36DD5C1F-D189-4BF3-989D-AF454FA68226}"
EndProject
Project("{2150E333-8FDC-42A3-9474-1A3956D46DE8}") = "SmokeTests", "SmokeTests", "{81A9662E-CF9A-4C8A-9A2D-023973C7E1A3}"
EndProject
Project("{FAE04EC0-301F-11D3-BF4B-00C04F79EFBC}") = "ServiceControl.Monitoring.SmokeTests.ASB", "ServiceControl.Monitoring.SmokeTests.ASB\ServiceControl.Monitoring.SmokeTests.ASB.csproj", "{10B6F344-E306-41BB-AD88-8235BD1F3092}"
EndProject
Project("{FAE04EC0-301F-11D3-BF4B-00C04F79EFBC}") = "ServiceControl.Monitoring.SmokeTests.Learning", "ServiceControl.Monitoring.SmokeTests.Learning\ServiceControl.Monitoring.SmokeTests.Learning.csproj", "{95D63BE5-D5EF-46A5-B38B-F68105062EDB}"
EndProject
Project("{FAE04EC0-301F-11D3-BF4B-00C04F79EFBC}") = "ServiceControl.Monitoring.SmokeTests.SQLServer", "ServiceControl.Monitoring.SmokeTests.SQLServer\ServiceControl.Monitoring.SmokeTests.SQLServer.csproj", "{F98424DA-ECA8-4636-9062-93E058E2C304}"
EndProject
Project("{9A19103F-16F7-4668-BE54-9A1E7A4F7556}") = "ServiceControl.Transports.AzureServiceBus", "ServiceControl.Transports.AzureServiceBus\ServiceControl.Transports.AzureServiceBus.csproj", "{66CA123A-7E48-494F-A3D3-DED5DD664621}"
EndProject
Project("{FAE04EC0-301F-11D3-BF4B-00C04F79EFBC}") = "ServiceControl.Transports.SQLServer", "ServiceControl.Transports.SQLServer\ServiceControl.Transports.SQLServer.csproj", "{E3EAE283-6095-421D-B994-3E5A2674A6E0}"
EndProject
Project("{FAE04EC0-301F-11D3-BF4B-00C04F79EFBC}") = "ServiceControl.Monitoring.SmokeTests.SQS", "ServiceControl.Monitoring.SmokeTests.SQS\ServiceControl.Monitoring.SmokeTests.SQS.csproj", "{979F3D9B-81C4-4B40-9A3E-612FF66A8219}"
EndProject
Project("{9A19103F-16F7-4668-BE54-9A1E7A4F7556}") = "ServiceControl.Transports.AmazonSQS", "ServiceControl.Transports.AmazonSQS\ServiceControl.Transports.AmazonSQS.csproj", "{485BC5B2-1F88-4B47-95D4-7C1E78785DCE}"
EndProject
Project("{FAE04EC0-301F-11D3-BF4B-00C04F79EFBC}") = "Packaging.NServiceBus.AmazonSQS", "Packaging.NServiceBus.AmazonSQS\Packaging.NServiceBus.AmazonSQS.csproj", "{ECAFC215-C5E6-445D-B842-53346BED0316}"
EndProject
Project("{9A19103F-16F7-4668-BE54-9A1E7A4F7556}") = "ServiceControl.Transports.RabbitMQ", "ServiceControl.Transports.RabbitMQ\ServiceControl.Transports.RabbitMQ.csproj", "{64F4A33C-23A8-4B28-9643-FCE1B20F8C15}"
EndProject
Project("{FAE04EC0-301F-11D3-BF4B-00C04F79EFBC}") = "ServiceControl.Transports.AzureStorageQueues", "ServiceControl.Transports.AzureStorageQueues\ServiceControl.Transports.AzureStorageQueues.csproj", "{B35A6D47-7330-4FEE-81FB-B90E5D36BE5A}"
EndProject
Project("{FAE04EC0-301F-11D3-BF4B-00C04F79EFBC}") = "ServiceControl.Monitoring.SmokeTests.Msmq", "ServiceControl.Monitoring.SmokeTests.Msmq\ServiceControl.Monitoring.SmokeTests.Msmq.csproj", "{840A0984-16EC-4E43-B16A-ACEFBD2992A6}"
EndProject
Project("{9A19103F-16F7-4668-BE54-9A1E7A4F7556}") = "ServiceControl.Transports.AzureServiceBusStandard", "ServiceControl.Transports.AzureServiceBusStandard\ServiceControl.Transports.AzureServiceBusStandard.csproj", "{3CDA118C-521A-4FD1-BDAB-4059D141D6F2}"
EndProject
Project("{FAE04EC0-301F-11D3-BF4B-00C04F79EFBC}") = "Packaging.NServiceBus.AzureServiceBusStandard", "Packaging.NServiceBus.AzureServiceBusStandard\Packaging.NServiceBus.AzureServiceBusStandard.csproj", "{ABA69FEC-470E-4638-9371-9D84B71605BD}"
EndProject
Project("{FAE04EC0-301F-11D3-BF4B-00C04F79EFBC}") = "ServiceControl.Monitoring.SmokeTests.ASBS", "ServiceControl.Monitoring.SmokeTests.ASBS\ServiceControl.Monitoring.SmokeTests.ASBS.csproj", "{A82A5634-FC28-47FF-BDAA-69ABBE74A6BC}"
EndProject
Global
	GlobalSection(SolutionConfigurationPlatforms) = preSolution
		Debug|Any CPU = Debug|Any CPU
		Release|Any CPU = Release|Any CPU
	EndGlobalSection
	GlobalSection(ProjectConfigurationPlatforms) = postSolution
		{768BE338-20F1-4106-A3EB-DCE7686FCBF0}.Debug|Any CPU.ActiveCfg = Debug|Any CPU
		{768BE338-20F1-4106-A3EB-DCE7686FCBF0}.Debug|Any CPU.Build.0 = Debug|Any CPU
		{768BE338-20F1-4106-A3EB-DCE7686FCBF0}.Release|Any CPU.ActiveCfg = Release|Any CPU
		{768BE338-20F1-4106-A3EB-DCE7686FCBF0}.Release|Any CPU.Build.0 = Release|Any CPU
		{9BD8B831-2D69-4C8E-8FBD-5CFC6DDEF086}.Debug|Any CPU.ActiveCfg = Debug|Any CPU
		{9BD8B831-2D69-4C8E-8FBD-5CFC6DDEF086}.Debug|Any CPU.Build.0 = Debug|Any CPU
		{9BD8B831-2D69-4C8E-8FBD-5CFC6DDEF086}.Release|Any CPU.ActiveCfg = Release|Any CPU
		{9BD8B831-2D69-4C8E-8FBD-5CFC6DDEF086}.Release|Any CPU.Build.0 = Release|Any CPU
		{DCB43A4E-807E-44DE-AB2A-66103C27CB44}.Debug|Any CPU.ActiveCfg = Debug|Any CPU
		{DCB43A4E-807E-44DE-AB2A-66103C27CB44}.Debug|Any CPU.Build.0 = Debug|Any CPU
		{DCB43A4E-807E-44DE-AB2A-66103C27CB44}.Release|Any CPU.ActiveCfg = Release|Any CPU
		{DCB43A4E-807E-44DE-AB2A-66103C27CB44}.Release|Any CPU.Build.0 = Release|Any CPU
		{4AD60A65-CD2B-44A9-970E-41F80D95B0FD}.Debug|Any CPU.ActiveCfg = Debug|Any CPU
		{4AD60A65-CD2B-44A9-970E-41F80D95B0FD}.Debug|Any CPU.Build.0 = Debug|Any CPU
		{4AD60A65-CD2B-44A9-970E-41F80D95B0FD}.Release|Any CPU.ActiveCfg = Release|Any CPU
		{4AD60A65-CD2B-44A9-970E-41F80D95B0FD}.Release|Any CPU.Build.0 = Release|Any CPU
		{F253D994-9321-494E-A45C-F9C6EA8947AC}.Debug|Any CPU.ActiveCfg = Debug|Any CPU
		{F253D994-9321-494E-A45C-F9C6EA8947AC}.Debug|Any CPU.Build.0 = Debug|Any CPU
		{F253D994-9321-494E-A45C-F9C6EA8947AC}.Release|Any CPU.ActiveCfg = Release|Any CPU
		{F253D994-9321-494E-A45C-F9C6EA8947AC}.Release|Any CPU.Build.0 = Release|Any CPU
		{9D82F260-91A8-4ED7-9E1B-60311000D3FE}.Debug|Any CPU.ActiveCfg = Debug|Any CPU
		{9D82F260-91A8-4ED7-9E1B-60311000D3FE}.Debug|Any CPU.Build.0 = Debug|Any CPU
		{9D82F260-91A8-4ED7-9E1B-60311000D3FE}.Release|Any CPU.ActiveCfg = Release|Any CPU
		{9D82F260-91A8-4ED7-9E1B-60311000D3FE}.Release|Any CPU.Build.0 = Release|Any CPU
		{F74A93BB-2B27-45D3-857F-66165DEBE383}.Debug|Any CPU.ActiveCfg = Debug|Any CPU
		{F74A93BB-2B27-45D3-857F-66165DEBE383}.Debug|Any CPU.Build.0 = Debug|Any CPU
		{F74A93BB-2B27-45D3-857F-66165DEBE383}.Release|Any CPU.ActiveCfg = Release|Any CPU
		{F74A93BB-2B27-45D3-857F-66165DEBE383}.Release|Any CPU.Build.0 = Release|Any CPU
		{B7A9DC11-2199-448F-A51F-049D36003176}.Debug|Any CPU.ActiveCfg = Debug|Any CPU
		{B7A9DC11-2199-448F-A51F-049D36003176}.Debug|Any CPU.Build.0 = Debug|Any CPU
		{B7A9DC11-2199-448F-A51F-049D36003176}.Release|Any CPU.ActiveCfg = Release|Any CPU
		{B7A9DC11-2199-448F-A51F-049D36003176}.Release|Any CPU.Build.0 = Release|Any CPU
		{8659F8A1-31BE-497B-B0A4-500B703D99AF}.Debug|Any CPU.ActiveCfg = Debug|Any CPU
		{8659F8A1-31BE-497B-B0A4-500B703D99AF}.Debug|Any CPU.Build.0 = Debug|Any CPU
		{8659F8A1-31BE-497B-B0A4-500B703D99AF}.Release|Any CPU.ActiveCfg = Release|Any CPU
		{8659F8A1-31BE-497B-B0A4-500B703D99AF}.Release|Any CPU.Build.0 = Release|Any CPU
		{F820752B-5F01-40F1-AE26-1604F3C85F55}.Debug|Any CPU.ActiveCfg = Debug|Any CPU
		{F820752B-5F01-40F1-AE26-1604F3C85F55}.Debug|Any CPU.Build.0 = Debug|Any CPU
		{F820752B-5F01-40F1-AE26-1604F3C85F55}.Release|Any CPU.ActiveCfg = Release|Any CPU
		{F820752B-5F01-40F1-AE26-1604F3C85F55}.Release|Any CPU.Build.0 = Release|Any CPU
		{F30AC7F6-FD0A-43D2-BC75-889F9A7D2872}.Debug|Any CPU.ActiveCfg = Debug|Any CPU
		{F30AC7F6-FD0A-43D2-BC75-889F9A7D2872}.Debug|Any CPU.Build.0 = Debug|Any CPU
		{F30AC7F6-FD0A-43D2-BC75-889F9A7D2872}.Release|Any CPU.ActiveCfg = Release|Any CPU
		{F30AC7F6-FD0A-43D2-BC75-889F9A7D2872}.Release|Any CPU.Build.0 = Release|Any CPU
		{B5EB5F58-E30A-45D2-AC0D-88CEF2F804E0}.Debug|Any CPU.ActiveCfg = Debug|Any CPU
		{B5EB5F58-E30A-45D2-AC0D-88CEF2F804E0}.Debug|Any CPU.Build.0 = Debug|Any CPU
		{B5EB5F58-E30A-45D2-AC0D-88CEF2F804E0}.Release|Any CPU.ActiveCfg = Release|Any CPU
		{B5EB5F58-E30A-45D2-AC0D-88CEF2F804E0}.Release|Any CPU.Build.0 = Release|Any CPU
		{36DD5C1F-D189-4BF3-989D-AF454FA68226}.Debug|Any CPU.ActiveCfg = Debug|Any CPU
		{36DD5C1F-D189-4BF3-989D-AF454FA68226}.Debug|Any CPU.Build.0 = Debug|Any CPU
		{36DD5C1F-D189-4BF3-989D-AF454FA68226}.Release|Any CPU.ActiveCfg = Release|Any CPU
		{36DD5C1F-D189-4BF3-989D-AF454FA68226}.Release|Any CPU.Build.0 = Release|Any CPU
		{10B6F344-E306-41BB-AD88-8235BD1F3092}.Debug|Any CPU.ActiveCfg = Debug|Any CPU
		{10B6F344-E306-41BB-AD88-8235BD1F3092}.Debug|Any CPU.Build.0 = Debug|Any CPU
		{10B6F344-E306-41BB-AD88-8235BD1F3092}.Release|Any CPU.ActiveCfg = Release|Any CPU
		{10B6F344-E306-41BB-AD88-8235BD1F3092}.Release|Any CPU.Build.0 = Release|Any CPU
		{95D63BE5-D5EF-46A5-B38B-F68105062EDB}.Debug|Any CPU.ActiveCfg = Debug|Any CPU
		{95D63BE5-D5EF-46A5-B38B-F68105062EDB}.Debug|Any CPU.Build.0 = Debug|Any CPU
		{95D63BE5-D5EF-46A5-B38B-F68105062EDB}.Release|Any CPU.ActiveCfg = Release|Any CPU
		{95D63BE5-D5EF-46A5-B38B-F68105062EDB}.Release|Any CPU.Build.0 = Release|Any CPU
		{F98424DA-ECA8-4636-9062-93E058E2C304}.Debug|Any CPU.ActiveCfg = Debug|Any CPU
		{F98424DA-ECA8-4636-9062-93E058E2C304}.Debug|Any CPU.Build.0 = Debug|Any CPU
		{F98424DA-ECA8-4636-9062-93E058E2C304}.Release|Any CPU.ActiveCfg = Release|Any CPU
		{F98424DA-ECA8-4636-9062-93E058E2C304}.Release|Any CPU.Build.0 = Release|Any CPU
		{66CA123A-7E48-494F-A3D3-DED5DD664621}.Debug|Any CPU.ActiveCfg = Debug|Any CPU
		{66CA123A-7E48-494F-A3D3-DED5DD664621}.Debug|Any CPU.Build.0 = Debug|Any CPU
		{66CA123A-7E48-494F-A3D3-DED5DD664621}.Release|Any CPU.ActiveCfg = Release|Any CPU
		{66CA123A-7E48-494F-A3D3-DED5DD664621}.Release|Any CPU.Build.0 = Release|Any CPU
		{E3EAE283-6095-421D-B994-3E5A2674A6E0}.Debug|Any CPU.ActiveCfg = Debug|Any CPU
		{E3EAE283-6095-421D-B994-3E5A2674A6E0}.Debug|Any CPU.Build.0 = Debug|Any CPU
		{E3EAE283-6095-421D-B994-3E5A2674A6E0}.Release|Any CPU.ActiveCfg = Release|Any CPU
		{E3EAE283-6095-421D-B994-3E5A2674A6E0}.Release|Any CPU.Build.0 = Release|Any CPU
		{979F3D9B-81C4-4B40-9A3E-612FF66A8219}.Debug|Any CPU.ActiveCfg = Debug|Any CPU
		{979F3D9B-81C4-4B40-9A3E-612FF66A8219}.Debug|Any CPU.Build.0 = Debug|Any CPU
		{979F3D9B-81C4-4B40-9A3E-612FF66A8219}.Release|Any CPU.ActiveCfg = Release|Any CPU
		{979F3D9B-81C4-4B40-9A3E-612FF66A8219}.Release|Any CPU.Build.0 = Release|Any CPU
		{485BC5B2-1F88-4B47-95D4-7C1E78785DCE}.Debug|Any CPU.ActiveCfg = Debug|Any CPU
		{485BC5B2-1F88-4B47-95D4-7C1E78785DCE}.Debug|Any CPU.Build.0 = Debug|Any CPU
		{485BC5B2-1F88-4B47-95D4-7C1E78785DCE}.Release|Any CPU.ActiveCfg = Release|Any CPU
		{485BC5B2-1F88-4B47-95D4-7C1E78785DCE}.Release|Any CPU.Build.0 = Release|Any CPU
		{ECAFC215-C5E6-445D-B842-53346BED0316}.Debug|Any CPU.ActiveCfg = Debug|Any CPU
		{ECAFC215-C5E6-445D-B842-53346BED0316}.Debug|Any CPU.Build.0 = Debug|Any CPU
		{ECAFC215-C5E6-445D-B842-53346BED0316}.Release|Any CPU.ActiveCfg = Release|Any CPU
		{ECAFC215-C5E6-445D-B842-53346BED0316}.Release|Any CPU.Build.0 = Release|Any CPU
		{64F4A33C-23A8-4B28-9643-FCE1B20F8C15}.Debug|Any CPU.ActiveCfg = Debug|Any CPU
		{64F4A33C-23A8-4B28-9643-FCE1B20F8C15}.Debug|Any CPU.Build.0 = Debug|Any CPU
		{64F4A33C-23A8-4B28-9643-FCE1B20F8C15}.Release|Any CPU.ActiveCfg = Release|Any CPU
		{64F4A33C-23A8-4B28-9643-FCE1B20F8C15}.Release|Any CPU.Build.0 = Release|Any CPU
		{B35A6D47-7330-4FEE-81FB-B90E5D36BE5A}.Debug|Any CPU.ActiveCfg = Debug|Any CPU
		{B35A6D47-7330-4FEE-81FB-B90E5D36BE5A}.Debug|Any CPU.Build.0 = Debug|Any CPU
		{B35A6D47-7330-4FEE-81FB-B90E5D36BE5A}.Release|Any CPU.ActiveCfg = Release|Any CPU
		{B35A6D47-7330-4FEE-81FB-B90E5D36BE5A}.Release|Any CPU.Build.0 = Release|Any CPU
		{840A0984-16EC-4E43-B16A-ACEFBD2992A6}.Debug|Any CPU.ActiveCfg = Debug|Any CPU
		{840A0984-16EC-4E43-B16A-ACEFBD2992A6}.Debug|Any CPU.Build.0 = Debug|Any CPU
		{840A0984-16EC-4E43-B16A-ACEFBD2992A6}.Release|Any CPU.ActiveCfg = Release|Any CPU
		{840A0984-16EC-4E43-B16A-ACEFBD2992A6}.Release|Any CPU.Build.0 = Release|Any CPU
		{3CDA118C-521A-4FD1-BDAB-4059D141D6F2}.Debug|Any CPU.ActiveCfg = Debug|Any CPU
		{3CDA118C-521A-4FD1-BDAB-4059D141D6F2}.Debug|Any CPU.Build.0 = Debug|Any CPU
		{3CDA118C-521A-4FD1-BDAB-4059D141D6F2}.Release|Any CPU.ActiveCfg = Release|Any CPU
		{3CDA118C-521A-4FD1-BDAB-4059D141D6F2}.Release|Any CPU.Build.0 = Release|Any CPU
		{ABA69FEC-470E-4638-9371-9D84B71605BD}.Debug|Any CPU.ActiveCfg = Debug|Any CPU
		{ABA69FEC-470E-4638-9371-9D84B71605BD}.Debug|Any CPU.Build.0 = Debug|Any CPU
		{ABA69FEC-470E-4638-9371-9D84B71605BD}.Release|Any CPU.ActiveCfg = Release|Any CPU
		{ABA69FEC-470E-4638-9371-9D84B71605BD}.Release|Any CPU.Build.0 = Release|Any CPU
		{A82A5634-FC28-47FF-BDAA-69ABBE74A6BC}.Debug|Any CPU.ActiveCfg = Debug|Any CPU
		{A82A5634-FC28-47FF-BDAA-69ABBE74A6BC}.Debug|Any CPU.Build.0 = Debug|Any CPU
		{A82A5634-FC28-47FF-BDAA-69ABBE74A6BC}.Release|Any CPU.ActiveCfg = Release|Any CPU
		{A82A5634-FC28-47FF-BDAA-69ABBE74A6BC}.Release|Any CPU.Build.0 = Release|Any CPU
	EndGlobalSection
	GlobalSection(SolutionProperties) = preSolution
		HideSolutionNode = FALSE
	EndGlobalSection
	GlobalSection(NestedProjects) = preSolution
		{4AD60A65-CD2B-44A9-970E-41F80D95B0FD} = {AC16BCB1-A7CA-4E50-B6BD-11518421382E}
		{F253D994-9321-494E-A45C-F9C6EA8947AC} = {AC16BCB1-A7CA-4E50-B6BD-11518421382E}
		{9D82F260-91A8-4ED7-9E1B-60311000D3FE} = {AC16BCB1-A7CA-4E50-B6BD-11518421382E}
		{F74A93BB-2B27-45D3-857F-66165DEBE383} = {AC16BCB1-A7CA-4E50-B6BD-11518421382E}
		{B7A9DC11-2199-448F-A51F-049D36003176} = {AC16BCB1-A7CA-4E50-B6BD-11518421382E}
		{8659F8A1-31BE-497B-B0A4-500B703D99AF} = {AC16BCB1-A7CA-4E50-B6BD-11518421382E}
		{F820752B-5F01-40F1-AE26-1604F3C85F55} = {ED6CE213-D704-4695-97AB-3E6EA4859795}
		{F30AC7F6-FD0A-43D2-BC75-889F9A7D2872} = {AC16BCB1-A7CA-4E50-B6BD-11518421382E}
		{B5EB5F58-E30A-45D2-AC0D-88CEF2F804E0} = {81A9662E-CF9A-4C8A-9A2D-023973C7E1A3}
		{36DD5C1F-D189-4BF3-989D-AF454FA68226} = {81A9662E-CF9A-4C8A-9A2D-023973C7E1A3}
		{10B6F344-E306-41BB-AD88-8235BD1F3092} = {81A9662E-CF9A-4C8A-9A2D-023973C7E1A3}
		{95D63BE5-D5EF-46A5-B38B-F68105062EDB} = {81A9662E-CF9A-4C8A-9A2D-023973C7E1A3}
		{F98424DA-ECA8-4636-9062-93E058E2C304} = {81A9662E-CF9A-4C8A-9A2D-023973C7E1A3}
		{66CA123A-7E48-494F-A3D3-DED5DD664621} = {ED6CE213-D704-4695-97AB-3E6EA4859795}
		{E3EAE283-6095-421D-B994-3E5A2674A6E0} = {ED6CE213-D704-4695-97AB-3E6EA4859795}
		{979F3D9B-81C4-4B40-9A3E-612FF66A8219} = {81A9662E-CF9A-4C8A-9A2D-023973C7E1A3}
		{485BC5B2-1F88-4B47-95D4-7C1E78785DCE} = {ED6CE213-D704-4695-97AB-3E6EA4859795}
		{ECAFC215-C5E6-445D-B842-53346BED0316} = {AC16BCB1-A7CA-4E50-B6BD-11518421382E}
		{64F4A33C-23A8-4B28-9643-FCE1B20F8C15} = {ED6CE213-D704-4695-97AB-3E6EA4859795}
		{B35A6D47-7330-4FEE-81FB-B90E5D36BE5A} = {ED6CE213-D704-4695-97AB-3E6EA4859795}
		{840A0984-16EC-4E43-B16A-ACEFBD2992A6} = {81A9662E-CF9A-4C8A-9A2D-023973C7E1A3}
		{3CDA118C-521A-4FD1-BDAB-4059D141D6F2} = {ED6CE213-D704-4695-97AB-3E6EA4859795}
		{ABA69FEC-470E-4638-9371-9D84B71605BD} = {AC16BCB1-A7CA-4E50-B6BD-11518421382E}
		{A82A5634-FC28-47FF-BDAA-69ABBE74A6BC} = {81A9662E-CF9A-4C8A-9A2D-023973C7E1A3}
	EndGlobalSection
	GlobalSection(ExtensibilityGlobals) = postSolution
		{F98424DA-ECA8-4636-9062-93E058E2C304} = {81A9662E-CF9A-4C8A-9A2D-023973C7E1A3}
		{95D63BE5-D5EF-46A5-B38B-F68105062EDB} = {81A9662E-CF9A-4C8A-9A2D-023973C7E1A3}
		{10B6F344-E306-41BB-AD88-8235BD1F3092} = {81A9662E-CF9A-4C8A-9A2D-023973C7E1A3}
		{36DD5C1F-D189-4BF3-989D-AF454FA68226} = {81A9662E-CF9A-4C8A-9A2D-023973C7E1A3}
		{931BC9F4-C82D-4C3C-AC0C-054A91B77A06} = {81A9662E-CF9A-4C8A-9A2D-023973C7E1A3}
		SolutionGuid = {D3D78742-599D-471F-AC9B-77C0807D9515}
	EndGlobalSection
EndGlobal
